
Microsoft Visual Studio Solution File, Format Version 12.00
# Visual Studio Version 16
VisualStudioVersion = 16.0.32407.337
MinimumVisualStudioVersion = 10.0.40219.1
Project("{FAE04EC0-301F-11D3-BF4B-00C04F79EFBC}") = "DownloadingTest", "DownloadingTest.csproj", "{D7973274-ECF9-4D9B-A36E-E2F6818E1AB2}"
EndProject
Global
	GlobalSection(SolutionConfigurationPlatforms) = preSolution
		Debug|Any CPU = Debug|Any CPU
		Release|Any CPU = Release|Any CPU
	EndGlobalSection
	GlobalSection(ProjectConfigurationPlatforms) = postSolution
		{D7973274-ECF9-4D9B-A36E-E2F6818E1AB2}.Debug|Any CPU.ActiveCfg = Debug|Any CPU
		{D7973274-ECF9-4D9B-A36E-E2F6818E1AB2}.Debug|Any CPU.Build.0 = Debug|Any CPU
		{D7973274-ECF9-4D9B-A36E-E2F6818E1AB2}.Release|Any CPU.ActiveCfg = Release|Any CPU
		{D7973274-ECF9-4D9B-A36E-E2F6818E1AB2}.Release|Any CPU.Build.0 = Release|Any CPU
	EndGlobalSection
	GlobalSection(SolutionProperties) = preSolution
		HideSolutionNode = FALSE
	EndGlobalSection
	GlobalSection(ExtensibilityGlobals) = postSolution
		SolutionGuid = {13A40B42-04F7-42C5-98F8-62FB72F8B718}
	EndGlobalSection
EndGlobal
